// !$*UTF8*$!
{
	archiveVersion = 1;
	classes = {
	};
	objectVersion = 55;
	objects = {

/* Begin PBXBuildFile section */
		C660307F27C4A3BA00BA1256 /* AppDelegate.swift in Sources */ = {isa = PBXBuildFile; fileRef = C660307E27C4A3BA00BA1256 /* AppDelegate.swift */; };
		C660308127C4A3BA00BA1256 /* SceneDelegate.swift in Sources */ = {isa = PBXBuildFile; fileRef = C660308027C4A3BA00BA1256 /* SceneDelegate.swift */; };
		C660308327C4A3BA00BA1256 /* ViewController.swift in Sources */ = {isa = PBXBuildFile; fileRef = C660308227C4A3BA00BA1256 /* ViewController.swift */; };
		C660308627C4A3BA00BA1256 /* Main.storyboard in Resources */ = {isa = PBXBuildFile; fileRef = C660308427C4A3BA00BA1256 /* Main.storyboard */; };
		C660308827C4A3BC00BA1256 /* Assets.xcassets in Resources */ = {isa = PBXBuildFile; fileRef = C660308727C4A3BC00BA1256 /* Assets.xcassets */; };
		C660308B27C4A3BC00BA1256 /* LaunchScreen.storyboard in Resources */ = {isa = PBXBuildFile; fileRef = C660308927C4A3BC00BA1256 /* LaunchScreen.storyboard */; };
		C660309327C4A48C00BA1256 /* VC2.swift in Sources */ = {isa = PBXBuildFile; fileRef = C660309227C4A48C00BA1256 /* VC2.swift */; };
		C660309527C4A49C00BA1256 /* VC3.swift in Sources */ = {isa = PBXBuildFile; fileRef = C660309427C4A49C00BA1256 /* VC3.swift */; };
		C660309727C4A4D000BA1256 /* ViewControllerPannable.swift in Sources */ = {isa = PBXBuildFile; fileRef = C660309627C4A4D000BA1256 /* ViewControllerPannable.swift */; };
/* End PBXBuildFile section */

/* Begin PBXFileReference section */
		C660307B27C4A3BA00BA1256 /* ExPullDown.app */ = {isa = PBXFileReference; explicitFileType = wrapper.application; includeInIndex = 0; path = ExPullDown.app; sourceTree = BUILT_PRODUCTS_DIR; };
		C660307E27C4A3BA00BA1256 /* AppDelegate.swift */ = {isa = PBXFileReference; lastKnownFileType = sourcecode.swift; path = AppDelegate.swift; sourceTree = "<group>"; };
		C660308027C4A3BA00BA1256 /* SceneDelegate.swift */ = {isa = PBXFileReference; lastKnownFileType = sourcecode.swift; path = SceneDelegate.swift; sourceTree = "<group>"; };
		C660308227C4A3BA00BA1256 /* ViewController.swift */ = {isa = PBXFileReference; lastKnownFileType = sourcecode.swift; path = ViewController.swift; sourceTree = "<group>"; };
		C660308527C4A3BA00BA1256 /* Base */ = {isa = PBXFileReference; lastKnownFileType = file.storyboard; name = Base; path = Base.lproj/Main.storyboard; sourceTree = "<group>"; };
		C660308727C4A3BC00BA1256 /* Assets.xcassets */ = {isa = PBXFileReference; lastKnownFileType = folder.assetcatalog; path = Assets.xcassets; sourceTree = "<group>"; };
		C660308A27C4A3BC00BA1256 /* Base */ = {isa = PBXFileReference; lastKnownFileType = file.storyboard; name = Base; path = Base.lproj/LaunchScreen.storyboard; sourceTree = "<group>"; };
		C660308C27C4A3BC00BA1256 /* Info.plist */ = {isa = PBXFileReference; lastKnownFileType = text.plist.xml; path = Info.plist; sourceTree = "<group>"; };
		C660309227C4A48C00BA1256 /* VC2.swift */ = {isa = PBXFileReference; lastKnownFileType = sourcecode.swift; path = VC2.swift; sourceTree = "<group>"; };
		C660309427C4A49C00BA1256 /* VC3.swift */ = {isa = PBXFileReference; lastKnownFileType = sourcecode.swift; path = VC3.swift; sourceTree = "<group>"; };
		C660309627C4A4D000BA1256 /* ViewControllerPannable.swift */ = {isa = PBXFileReference; lastKnownFileType = sourcecode.swift; path = ViewControllerPannable.swift; sourceTree = "<group>"; };
/* End PBXFileReference section */

/* Begin PBXFrameworksBuildPhase section */
		C660307827C4A3BA00BA1256 /* Frameworks */ = {
			isa = PBXFrameworksBuildPhase;
			buildActionMask = 2147483647;
			files = (
			);
			runOnlyForDeploymentPostprocessing = 0;
		};
/* End PBXFrameworksBuildPhase section */

/* Begin PBXGroup section */
		C660307227C4A3BA00BA1256 = {
			isa = PBXGroup;
			children = (
				C660307D27C4A3BA00BA1256 /* ExPullDown */,
				C660307C27C4A3BA00BA1256 /* Products */,
			);
			sourceTree = "<group>";
		};
		C660307C27C4A3BA00BA1256 /* Products */ = {
			isa = PBXGroup;
			children = (
				C660307B27C4A3BA00BA1256 /* ExPullDown.app */,
			);
			name = Products;
			sourceTree = "<group>";
		};
		C660307D27C4A3BA00BA1256 /* ExPullDown */ = {
			isa = PBXGroup;
			children = (
				C660307E27C4A3BA00BA1256 /* AppDelegate.swift */,
				C660308027C4A3BA00BA1256 /* SceneDelegate.swift */,
				C660308227C4A3BA00BA1256 /* ViewController.swift */,
				C660309227C4A48C00BA1256 /* VC2.swift */,
				C660309427C4A49C00BA1256 /* VC3.swift */,
				C660309627C4A4D000BA1256 /* ViewControllerPannable.swift */,
				C660308427C4A3BA00BA1256 /* Main.storyboard */,
				C660308727C4A3BC00BA1256 /* Assets.xcassets */,
				C660308927C4A3BC00BA1256 /* LaunchScreen.storyboard */,
				C660308C27C4A3BC00BA1256 /* Info.plist */,
			);
			path = ExPullDown;
			sourceTree = "<group>";
		};
/* End PBXGroup section */

/* Begin PBXNativeTarget section */
		C660307A27C4A3BA00BA1256 /* ExPullDown */ = {
			isa = PBXNativeTarget;
			buildConfigurationList = C660308F27C4A3BC00BA1256 /* Build configuration list for PBXNativeTarget "ExPullDown" */;
			buildPhases = (
				C660307727C4A3BA00BA1256 /* Sources */,
				C660307827C4A3BA00BA1256 /* Frameworks */,
				C660307927C4A3BA00BA1256 /* Resources */,
			);
			buildRules = (
			);
			dependencies = (
			);
			name = ExPullDown;
			productName = ExPullDown;
			productReference = C660307B27C4A3BA00BA1256 /* ExPullDown.app */;
			productType = "com.apple.product-type.application";
		};
/* End PBXNativeTarget section */

/* Begin PBXProject section */
		C660307327C4A3BA00BA1256 /* Project object */ = {
			isa = PBXProject;
			attributes = {
				BuildIndependentTargetsInParallel = 1;
				LastSwiftUpdateCheck = 1320;
				LastUpgradeCheck = 1320;
				TargetAttributes = {
					C660307A27C4A3BA00BA1256 = {
						CreatedOnToolsVersion = 13.2;
					};
				};
			};
			buildConfigurationList = C660307627C4A3BA00BA1256 /* Build configuration list for PBXProject "ExPullDown" */;
			compatibilityVersion = "Xcode 13.0";
			developmentRegion = en;
			hasScannedForEncodings = 0;
			knownRegions = (
				en,
				Base,
			);
			mainGroup = C660307227C4A3BA00BA1256;
			productRefGroup = C660307C27C4A3BA00BA1256 /* Products */;
			projectDirPath = "";
			projectRoot = "";
			targets = (
				C660307A27C4A3BA00BA1256 /* ExPullDown */,
			);
		};
/* End PBXProject section */

/* Begin PBXResourcesBuildPhase section */
		C660307927C4A3BA00BA1256 /* Resources */ = {
			isa = PBXResourcesBuildPhase;
			buildActionMask = 2147483647;
			files = (
				C660308B27C4A3BC00BA1256 /* LaunchScreen.storyboard in Resources */,
				C660308827C4A3BC00BA1256 /* Assets.xcassets in Resources */,
				C660308627C4A3BA00BA1256 /* Main.storyboard in Resources */,
			);
			runOnlyForDeploymentPostprocessing = 0;
		};
/* End PBXResourcesBuildPhase section */

/* Begin PBXSourcesBuildPhase section */
		C660307727C4A3BA00BA1256 /* Sources */ = {
			isa = PBXSourcesBuildPhase;
			buildActionMask = 2147483647;
			files = (
				C660308327C4A3BA00BA1256 /* ViewController.swift in Sources */,
				C660307F27C4A3BA00BA1256 /* AppDelegate.swift in Sources */,
				C660309527C4A49C00BA1256 /* VC3.swift in Sources */,
				C660308127C4A3BA00BA1256 /* SceneDelegate.swift in Sources */,
				C660309327C4A48C00BA1256 /* VC2.swift in Sources */,
				C660309727C4A4D000BA1256 /* ViewControllerPannable.swift in Sources */,
			);
			runOnlyForDeploymentPostprocessing = 0;
		};
/* End PBXSourcesBuildPhase section */

/* Begin PBXVariantGroup section */
		C660308427C4A3BA00BA1256 /* Main.storyboard */ = {
			isa = PBXVariantGroup;
			children = (
				C660308527C4A3BA00BA1256 /* Base */,
			);
			name = Main.storyboard;
			sourceTree = "<group>";
		};
		C660308927C4A3BC00BA1256 /* LaunchScreen.storyboard */ = {
			isa = PBXVariantGroup;
			children = (
				C660308A27C4A3BC00BA1256 /* Base */,
			);
			name = LaunchScreen.storyboard;
			sourceTree = "<group>";
		};
/* End PBXVariantGroup section */

/* Begin XCBuildConfiguration section */
		C660308D27C4A3BC00BA1256 /* Debug */ = {
			isa = XCBuildConfiguration;
			buildSettings = {
				ALWAYS_SEARCH_USER_PATHS = NO;
				CLANG_ANALYZER_NONNULL = YES;
				CLANG_ANALYZER_NUMBER_OBJECT_CONVERSION = YES_AGGRESSIVE;
				CLANG_CXX_LANGUAGE_STANDARD = "gnu++17";
				CLANG_CXX_LIBRARY = "libc++";
				CLANG_ENABLE_MODULES = YES;
				CLANG_ENABLE_OBJC_ARC = YES;
				CLANG_ENABLE_OBJC_WEAK = YES;
				CLANG_WARN_BLOCK_CAPTURE_AUTORELEASING = YES;
				CLANG_WARN_BOOL_CONVERSION = YES;
				CLANG_WARN_COMMA = YES;
				CLANG_WARN_CONSTANT_CONVERSION = YES;
				CLANG_WARN_DEPRECATED_OBJC_IMPLEMENTATIONS = YES;
				CLANG_WARN_DIRECT_OBJC_ISA_USAGE = YES_ERROR;
				CLANG_WARN_DOCUMENTATION_COMMENTS = YES;
				CLANG_WARN_EMPTY_BODY = YES;
				CLANG_WARN_ENUM_CONVERSION = YES;
				CLANG_WARN_INFINITE_RECURSION = YES;
				CLANG_WARN_INT_CONVERSION = YES;
				CLANG_WARN_NON_LITERAL_NULL_CONVERSION = YES;
				CLANG_WARN_OBJC_IMPLICIT_RETAIN_SELF = YES;
				CLANG_WARN_OBJC_LITERAL_CONVERSION = YES;
				CLANG_WARN_OBJC_ROOT_CLASS = YES_ERROR;
				CLANG_WARN_QUOTED_INCLUDE_IN_FRAMEWORK_HEADER = YES;
				CLANG_WARN_RANGE_LOOP_ANALYSIS = YES;
				CLANG_WARN_STRICT_PROTOTYPES = YES;
				CLANG_WARN_SUSPICIOUS_MOVE = YES;
				CLANG_WARN_UNGUARDED_AVAILABILITY = YES_AGGRESSIVE;
				CLANG_WARN_UNREACHABLE_CODE = YES;
				CLANG_WARN__DUPLICATE_METHOD_MATCH = YES;
				COPY_PHASE_STRIP = NO;
				DEBUG_INFORMATION_FORMAT = dwarf;
				ENABLE_STRICT_OBJC_MSGSEND = YES;
				ENABLE_TESTABILITY = YES;
				GCC_C_LANGUAGE_STANDARD = gnu11;
				GCC_DYNAMIC_NO_PIC = NO;
				GCC_NO_COMMON_BLOCKS = YES;
				GCC_OPTIMIZATION_LEVEL = 0;
				GCC_PREPROCESSOR_DEFINITIONS = (
					"DEBUG=1",
					"$(inherited)",
				);
				GCC_WARN_64_TO_32_BIT_CONVERSION = YES;
				GCC_WARN_ABOUT_RETURN_TYPE = YES_ERROR;
				GCC_WARN_UNDECLARED_SELECTOR = YES;
				GCC_WARN_UNINITIALIZED_AUTOS = YES_AGGRESSIVE;
				GCC_WARN_UNUSED_FUNCTION = YES;
				GCC_WARN_UNUSED_VARIABLE = YES;
				IPHONEOS_DEPLOYMENT_TARGET = 15.2;
				MTL_ENABLE_DEBUG_INFO = INCLUDE_SOURCE;
				MTL_FAST_MATH = YES;
				ONLY_ACTIVE_ARCH = YES;
				SDKROOT = iphoneos;
				SWIFT_ACTIVE_COMPILATION_CONDITIONS = DEBUG;
				SWIFT_OPTIMIZATION_LEVEL = "-Onone";
			};
			name = Debug;
		};
		C660308E27C4A3BC00BA1256 /* Release */ = {
			isa = XCBuildConfiguration;
			buildSettings = {
				ALWAYS_SEARCH_USER_PATHS = NO;
				CLANG_ANALYZER_NONNULL = YES;
				CLANG_ANALYZER_NUMBER_OBJECT_CONVERSION = YES_AGGRESSIVE;
				CLANG_CXX_LANGUAGE_STANDARD = "gnu++17";
				CLANG_CXX_LIBRARY = "libc++";
				CLANG_ENABLE_MODULES = YES;
				CLANG_ENABLE_OBJC_ARC = YES;
				CLANG_ENABLE_OBJC_WEAK = YES;
				CLANG_WARN_BLOCK_CAPTURE_AUTORELEASING = YES;
				CLANG_WARN_BOOL_CONVERSION = YES;
				CLANG_WARN_COMMA = YES;
				CLANG_WARN_CONSTANT_CONVERSION = YES;
				CLANG_WARN_DEPRECATED_OBJC_IMPLEMENTATIONS = YES;
				CLANG_WARN_DIRECT_OBJC_ISA_USAGE = YES_ERROR;
				CLANG_WARN_DOCUMENTATION_COMMENTS = YES;
				CLANG_WARN_EMPTY_BODY = YES;
				CLANG_WARN_ENUM_CONVERSION = YES;
				CLANG_WARN_INFINITE_RECURSION = YES;
				CLANG_WARN_INT_CONVERSION = YES;
				CLANG_WARN_NON_LITERAL_NULL_CONVERSION = YES;
				CLANG_WARN_OBJC_IMPLICIT_RETAIN_SELF = YES;
				CLANG_WARN_OBJC_LITERAL_CONVERSION = YES;
				CLANG_WARN_OBJC_ROOT_CLASS = YES_ERROR;
				CLANG_WARN_QUOTED_INCLUDE_IN_FRAMEWORK_HEADER = YES;
				CLANG_WARN_RANGE_LOOP_ANALYSIS = YES;
				CLANG_WARN_STRICT_PROTOTYPES = YES;
				CLANG_WARN_SUSPICIOUS_MOVE = YES;
				CLANG_WARN_UNGUARDED_AVAILABILITY = YES_AGGRESSIVE;
				CLANG_WARN_UNREACHABLE_CODE = YES;
				CLANG_WARN__DUPLICATE_METHOD_MATCH = YES;
				COPY_PHASE_STRIP = NO;
				DEBUG_INFORMATION_FORMAT = "dwarf-with-dsym";
				ENABLE_NS_ASSERTIONS = NO;
				ENABLE_STRICT_OBJC_MSGSEND = YES;
				GCC_C_LANGUAGE_STANDARD = gnu11;
				GCC_NO_COMMON_BLOCKS = YES;
				GCC_WARN_64_TO_32_BIT_CONVERSION = YES;
				GCC_WARN_ABOUT_RETURN_TYPE = YES_ERROR;
				GCC_WARN_UNDECLARED_SELECTOR = YES;
				GCC_WARN_UNINITIALIZED_AUTOS = YES_AGGRESSIVE;
				GCC_WARN_UNUSED_FUNCTION = YES;
				GCC_WARN_UNUSED_VARIABLE = YES;
				IPHONEOS_DEPLOYMENT_TARGET = 15.2;
				MTL_ENABLE_DEBUG_INFO = NO;
				MTL_FAST_MATH = YES;
				SDKROOT = iphoneos;
				SWIFT_COMPILATION_MODE = wholemodule;
				SWIFT_OPTIMIZATION_LEVEL = "-O";
				VALIDATE_PRODUCT = YES;
			};
			name = Release;
		};
		C660309027C4A3BC00BA1256 /* Debug */ = {
			isa = XCBuildConfiguration;
			buildSettings = {
				ASSETCATALOG_COMPILER_APPICON_NAME = AppIcon;
				ASSETCATALOG_COMPILER_GLOBAL_ACCENT_COLOR_NAME = AccentColor;
				CODE_SIGN_STYLE = Automatic;
				CURRENT_PROJECT_VERSION = 1;
				DEVELOPMENT_TEAM = V99UMBT63A;
				GENERATE_INFOPLIST_FILE = YES;
				INFOPLIST_FILE = ExPullDown/Info.plist;
				INFOPLIST_KEY_UIApplicationSupportsIndirectInputEvents = YES;
				INFOPLIST_KEY_UILaunchStoryboardName = LaunchScreen;
				INFOPLIST_KEY_UIMainStoryboardFile = Main;
				INFOPLIST_KEY_UISupportedInterfaceOrientations_iPad = "UIInterfaceOrientationPortrait UIInterfaceOrientationPortraitUpsideDown UIInterfaceOrientationLandscapeLeft UIInterfaceOrientationLandscapeRight";
				INFOPLIST_KEY_UISupportedInterfaceOrientations_iPhone = "UIInterfaceOrientationPortrait UIInterfaceOrientationLandscapeLeft UIInterfaceOrientationLandscapeRight";
				LD_RUNPATH_SEARCH_PATHS = (
					"$(inherited)",
					"@executable_path/Frameworks",
				);
				MARKETING_VERSION = 1.0;
				PRODUCT_BUNDLE_IDENTIFIER = com.ExPullDown;
				PRODUCT_NAME = "$(TARGET_NAME)";
				SWIFT_EMIT_LOC_STRINGS = YES;
				SWIFT_VERSION = 5.0;
				TARGETED_DEVICE_FAMILY = "1,2";
			};
			name = Debug;
		};
		C660309127C4A3BC00BA1256 /* Release */ = {
			isa = XCBuildConfiguration;
			buildSettings = {
				ASSETCATALOG_COMPILER_APPICON_NAME = AppIcon;
				ASSETCATALOG_COMPILER_GLOBAL_ACCENT_COLOR_NAME = AccentColor;
				CODE_SIGN_STYLE = Automatic;
				CURRENT_PROJECT_VERSION = 1;
				DEVELOPMENT_TEAM = V99UMBT63A;
				GENERATE_INFOPLIST_FILE = YES;
				INFOPLIST_FILE = ExPullDown/Info.plist;
				INFOPLIST_KEY_UIApplicationSupportsIndirectInputEvents = YES;
				INFOPLIST_KEY_UILaunchStoryboardName = LaunchScreen;
				INFOPLIST_KEY_UIMainStoryboardFile = Main;
				INFOPLIST_KEY_UISupportedInterfaceOrientations_iPad = "UIInterfaceOrientationPortrait UIInterfaceOrientationPortraitUpsideDown UIInterfaceOrientationLandscapeLeft UIInterfaceOrientationLandscapeRight";
				INFOPLIST_KEY_UISupportedInterfaceOrientations_iPhone = "UIInterfaceOrientationPortrait UIInterfaceOrientationLandscapeLeft UIInterfaceOrientationLandscapeRight";
				LD_RUNPATH_SEARCH_PATHS = (
					"$(inherited)",
					"@executable_path/Frameworks",
				);
				MARKETING_VERSION = 1.0;
				PRODUCT_BUNDLE_IDENTIFIER = com.ExPullDown;
				PRODUCT_NAME = "$(TARGET_NAME)";
				SWIFT_EMIT_LOC_STRINGS = YES;
				SWIFT_VERSION = 5.0;
				TARGETED_DEVICE_FAMILY = "1,2";
			};
			name = Release;
		};
/* End XCBuildConfiguration section */

/* Begin XCConfigurationList section */
		C660307627C4A3BA00BA1256 /* Build configuration list for PBXProject "ExPullDown" */ = {
			isa = XCConfigurationList;
			buildConfigurations = (
				C660308D27C4A3BC00BA1256 /* Debug */,
				C660308E27C4A3BC00BA1256 /* Release */,
			);
			defaultConfigurationIsVisible = 0;
			defaultConfigurationName = Release;
		};
		C660308F27C4A3BC00BA1256 /* Build configuration list for PBXNativeTarget "ExPullDown" */ = {
			isa = XCConfigurationList;
			buildConfigurations = (
				C660309027C4A3BC00BA1256 /* Debug */,
				C660309127C4A3BC00BA1256 /* Release */,
			);
			defaultConfigurationIsVisible = 0;
			defaultConfigurationName = Release;
		};
/* End XCConfigurationList section */
	};
	rootObject = C660307327C4A3BA00BA1256 /* Project object */;
}
